
Microsoft Visual Studio Solution File, Format Version 12.00
# Visual Studio 15
VisualStudioVersion = 15.0.28010.0
MinimumVisualStudioVersion = 10.0.40219.1
Project("{FAE04EC0-301F-11D3-BF4B-00C04F79EFBC}") = "Wiki", "Wiki\Wiki.csproj", "{C24BB2DB-779E-4972-8837-40F79E3198EA}"
EndProject
Project("{FAE04EC0-301F-11D3-BF4B-00C04F79EFBC}") = "TestSelectLib", "TestSelectLib\TestSelectLib.csproj", "{B59F06C7-AE15-472E-ABEE-9C150A0AD994}"
EndProject
Global
	GlobalSection(SolutionConfigurationPlatforms) = preSolution
		Debug|Any CPU = Debug|Any CPU
		Release|Any CPU = Release|Any CPU
	EndGlobalSection
	GlobalSection(ProjectConfigurationPlatforms) = postSolution
		{C24BB2DB-779E-4972-8837-40F79E3198EA}.Debug|Any CPU.ActiveCfg = Debug|Any CPU
		{C24BB2DB-779E-4972-8837-40F79E3198EA}.Debug|Any CPU.Build.0 = Debug|Any CPU
		{C24BB2DB-779E-4972-8837-40F79E3198EA}.Release|Any CPU.ActiveCfg = Release|Any CPU
		{C24BB2DB-779E-4972-8837-40F79E3198EA}.Release|Any CPU.Build.0 = Release|Any CPU
		{B59F06C7-AE15-472E-ABEE-9C150A0AD994}.Debug|Any CPU.ActiveCfg = Debug|Any CPU
		{B59F06C7-AE15-472E-ABEE-9C150A0AD994}.Debug|Any CPU.Build.0 = Debug|Any CPU
		{B59F06C7-AE15-472E-ABEE-9C150A0AD994}.Release|Any CPU.ActiveCfg = Release|Any CPU
		{B59F06C7-AE15-472E-ABEE-9C150A0AD994}.Release|Any CPU.Build.0 = Release|Any CPU
	EndGlobalSection
	GlobalSection(SolutionProperties) = preSolution
		HideSolutionNode = FALSE
	EndGlobalSection
	GlobalSection(ExtensibilityGlobals) = postSolution
		SolutionGuid = {481E1E6C-6C64-4E36-983B-1490924F9DF9}
	EndGlobalSection
EndGlobal
